{
  "name": "headless-plc",
  "version": "1.0.0",
  "lockfileVersion": 3,
  "requires": true,
  "packages": {
    "": {
      "name": "headless-plc",
      "version": "1.0.0",
      "dependencies": {
        "chevrotain": "^11.1.1",
        "js-yaml": "^4.1.1",
        "uuid": "^9.0.1",
        "zod": "^3.22.4"
      }
    },
    "node_modules/@chevrotain/cst-dts-gen": {
      "version": "11.1.1",
      "resolved": "https://registry.npmjs.org/@chevrotain/cst-dts-gen/-/cst-dts-gen-11.1.1.tgz",
      "integrity": "sha512-fRHyv6/f542qQqiRGalrfJl/evD39mAvbJLCekPazhiextEatq1Jx1K/i9gSd5NNO0ds03ek0Cbo/4uVKmOBcw==",
      "license": "Apache-2.0",
      "dependencies": {
        "@chevrotain/gast": "11.1.1",
        "@chevrotain/types": "11.1.1",
        "lodash-es": "4.17.23"
      }
    },
    "node_modules/@chevrotain/gast": {
      "version": "11.1.1",
      "resolved": "https://registry.npmjs.org/@chevrotain/gast/-/gast-11.1.1.tgz",
      "integrity": "sha512-Ko/5vPEYy1vn5CbCjjvnSO4U7GgxyGm+dfUZZJIWTlQFkXkyym0jFYrWEU10hyCjrA7rQtiHtBr0EaZqvHFZvg==",
      "license": "Apache-2.0",
      "dependencies": {
        "@chevrotain/types": "11.1.1",
        "lodash-es": "4.17.23"
      }
    },
    "node_modules/@chevrotain/regexp-to-ast": {
      "version": "11.1.1",
      "resolved": "https://registry.npmjs.org/@chevrotain/regexp-to-ast/-/regexp-to-ast-11.1.1.tgz",
      "integrity": "sha512-ctRw1OKSXkOrR8VTvOxrQ5USEc4sNrfwXHa1NuTcR7wre4YbjPcKw+82C2uylg/TEwFRgwLmbhlln4qkmDyteg==",
      "license": "Apache-2.0"
    },
    "node_modules/@chevrotain/types": {
      "version": "11.1.1",
      "resolved": "https://registry.npmjs.org/@chevrotain/types/-/types-11.1.1.tgz",
      "integrity": "sha512-wb2ToxG8LkgPYnKe9FH8oGn3TMCBdnwiuNC5l5y+CtlaVRbCytU0kbVsk6CGrqTL4ZN4ksJa0TXOYbxpbthtqw==",
      "license": "Apache-2.0"
    },
    "node_modules/@chevrotain/utils": {
      "version": "11.1.1",
      "resolved": "https://registry.npmjs.org/@chevrotain/utils/-/utils-11.1.1.tgz",
      "integrity": "sha512-71eTYMzYXYSFPrbg/ZwftSaSDld7UYlS8OQa3lNnn9jzNtpFbaReRRyghzqS7rI3CDaorqpPJJcXGHK+FE1TVQ==",
      "license": "Apache-2.0"
    },
    "node_modules/argparse": {
      "version": "2.0.1",
      "resolved": "https://registry.npmjs.org/argparse/-/argparse-2.0.1.tgz",
      "integrity": "sha512-8+9WqebbFzpX9OR+Wa6O29asIogeRMzcGtAINdpMHHyAg10f05aSFVBbcEqGf/PXw1EjAZ+q2/bEBg3DvurK3Q==",
      "license": "Python-2.0"
    },
    "node_modules/chevrotain": {
      "version": "11.1.1",
      "resolved": "https://registry.npmjs.org/chevrotain/-/chevrotain-11.1.1.tgz",
      "integrity": "sha512-f0yv5CPKaFxfsPTBzX7vGuim4oIC1/gcS7LUGdBSwl2dU6+FON6LVUksdOo1qJjoUvXNn45urgh8C+0a24pACQ==",
      "license": "Apache-2.0",
      "dependencies": {
        "@chevrotain/cst-dts-gen": "11.1.1",
        "@chevrotain/gast": "11.1.1",
        "@chevrotain/regexp-to-ast": "11.1.1",
        "@chevrotain/types": "11.1.1",
        "@chevrotain/utils": "11.1.1",
        "lodash-es": "4.17.23"
      }
    },
    "node_modules/js-yaml": {
      "version": "4.1.1",
      "resolved": "https://registry.npmjs.org/js-yaml/-/js-yaml-4.1.1.tgz",
      "integrity": "sha512-qQKT4zQxXl8lLwBtHMWwaTcGfFOZviOJet3Oy/xmGk2gZH677CJM9EvtfdSkgWcATZhj/55JZ0rmy3myCT5lsA==",
      "license": "MIT",
      "dependencies": {
        "argparse": "^2.0.1"
      },
      "bin": {
        "js-yaml": "bin/js-yaml.js"
      }
    },
    "node_modules/lodash-es": {
      "version": "4.17.23",
      "resolved": "https://registry.npmjs.org/lodash-es/-/lodash-es-4.17.23.tgz",
      "integrity": "sha512-kVI48u3PZr38HdYz98UmfPnXl2DXrpdctLrFLCd3kOx1xUkOmpFPx7gCWWM5MPkL/fD8zb+Ph0QzjGFs4+hHWg==",
      "license": "MIT"
    },
    "node_modules/uuid": {
      "version": "9.0.1",
      "resolved": "https://registry.npmjs.org/uuid/-/uuid-9.0.1.tgz",
      "integrity": "sha512-b+1eJOlsR9K8HJpow9Ok3fiWOWSIcIzXodvv0rQjVoOVNpWMpxf1wZNpt4y9h10odCNrqnYp1OBzRktckBe3sA==",
      "funding": [
        "https://github.com/sponsors/broofa",
        "https://github.com/sponsors/ctavan"
      ],
      "license": "MIT",
      "bin": {
        "uuid": "dist/bin/uuid"
      }
    },
    "node_modules/zod": {
      "version": "3.25.76",
      "resolved": "https://registry.npmjs.org/zod/-/zod-3.25.76.tgz",
      "integrity": "sha512-gzUt/qt81nXsFGKIFcC3YnfEAx5NkunCfnDlvuBSSFS02bcXu4Lmea0AFIUwbLWxWPx3d9p8S5QoaujKcNQxcQ==",
      "license": "MIT",
      "funding": {
        "url": "https://github.com/sponsors/colinhacks"
      }
    }
  }
}
